{
  "name": "angular-http-etag",
  "version": "2.0.17",
  "dependencies": {
    "array-map": {
      "version": "0.0.0",
      "from": "array-map@>=0.0.0 <0.0.1",
      "resolved": "https://registry.npmjs.org/array-map/-/array-map-0.0.0.tgz"
    },
    "deepcopy": {
      "version": "0.6.3",
      "from": "deepcopy@>=0.6.3 <0.7.0",
      "resolved": "https://registry.npmjs.org/deepcopy/-/deepcopy-0.6.3.tgz"
    },
    "object-keys": {
      "version": "1.0.11",
      "from": "object-keys@>=1.0.11 <2.0.0",
      "resolved": "https://registry.npmjs.org/object-keys/-/object-keys-1.0.11.tgz"
    }
  }
}
